{
  "name": "cricket-stats-gpt",
  "lockfileVersion": 3,
  "requires": true,
  "packages": {
    "": {
      "dependencies": {
        "dotenv": "^16.3.1",
        "re": "^0.1.4"
      }
    },
    "node_modules/dotenv": {
      "version": "16.3.1",
      "resolved": "https://registry.npmjs.org/dotenv/-/dotenv-16.3.1.tgz",
      "integrity": "sha512-IPzF4w4/Rd94bA9imS68tZBaYyBWSCE47V1RGuMrB94iyTOIEwRmVL2x/4An+6mETpLrKJ5hQkB8W4kFAadeIQ==",
      "engines": {
        "node": ">=12"
      },
      "funding": {
        "url": "https://github.com/motdotla/dotenv?sponsor=1"
      }
    },
    "node_modules/re": {
      "version": "0.1.4",
      "resolved": "https://registry.npmjs.org/re/-/re-0.1.4.tgz",
      "integrity": "sha512-nnRiW20Jr9hv7Aw3OXd7vIYoq2+26T+QZYJBlC/HMSerJxFOn6AUCKDDB/JKxk5O8dO9wmPQ6qyhQbzIv/JtFw==",
      "engines": {
        "node": ">=0.6"
      }
    }
  }
}
